
Microsoft Visual Studio Solution File, Format Version 12.00
# Visual Studio Version 16
VisualStudioVersion = 16.0.31229.75
MinimumVisualStudioVersion = 10.0.40219.1
Project("{FAE04EC0-301F-11D3-BF4B-00C04F79EFBC}") = "CRUDApplication", "CRUDApplication.csproj", "{973AE306-4B88-4F1F-AFA8-44815FFDE0CD}"
EndProject
Global
	GlobalSection(SolutionConfigurationPlatforms) = preSolution
		Debug|Any CPU = Debug|Any CPU
		Release|Any CPU = Release|Any CPU
	EndGlobalSection
	GlobalSection(ProjectConfigurationPlatforms) = postSolution
		{973AE306-4B88-4F1F-AFA8-44815FFDE0CD}.Debug|Any CPU.ActiveCfg = Debug|Any CPU
		{973AE306-4B88-4F1F-AFA8-44815FFDE0CD}.Debug|Any CPU.Build.0 = Debug|Any CPU
		{973AE306-4B88-4F1F-AFA8-44815FFDE0CD}.Release|Any CPU.ActiveCfg = Release|Any CPU
		{973AE306-4B88-4F1F-AFA8-44815FFDE0CD}.Release|Any CPU.Build.0 = Release|Any CPU
	EndGlobalSection
	GlobalSection(SolutionProperties) = preSolution
		HideSolutionNode = FALSE
	EndGlobalSection
	GlobalSection(ExtensibilityGlobals) = postSolution
		SolutionGuid = {73912A1C-BB12-4F7F-B548-960FE2948CF7}
	EndGlobalSection
EndGlobal
